
Microsoft Visual Studio Solution File, Format Version 12.00
# Visual Studio Version 16
VisualStudioVersion = 16.0.31205.134
MinimumVisualStudioVersion = 10.0.40219.1
Project("{FAE04EC0-301F-11D3-BF4B-00C04F79EFBC}") = "RoutineStudies", "RoutineStudies\RoutineStudies.csproj", "{0EF7AE31-389E-4372-A5B7-9CBED3B19879}"
EndProject
Global
	GlobalSection(SolutionConfigurationPlatforms) = preSolution
		Debug|Any CPU = Debug|Any CPU
		Release|Any CPU = Release|Any CPU
	EndGlobalSection
	GlobalSection(ProjectConfigurationPlatforms) = postSolution
		{0EF7AE31-389E-4372-A5B7-9CBED3B19879}.Debug|Any CPU.ActiveCfg = Debug|Any CPU
		{0EF7AE31-389E-4372-A5B7-9CBED3B19879}.Debug|Any CPU.Build.0 = Debug|Any CPU
		{0EF7AE31-389E-4372-A5B7-9CBED3B19879}.Release|Any CPU.ActiveCfg = Release|Any CPU
		{0EF7AE31-389E-4372-A5B7-9CBED3B19879}.Release|Any CPU.Build.0 = Release|Any CPU
	EndGlobalSection
	GlobalSection(SolutionProperties) = preSolution
		HideSolutionNode = FALSE
	EndGlobalSection
	GlobalSection(ExtensibilityGlobals) = postSolution
		SolutionGuid = {6F8B16CB-A652-4C9C-BB91-61855269036F}
	EndGlobalSection
EndGlobal
